
Microsoft Visual Studio Solution File, Format Version 11.00
# Visual Studio 2010
Project("{8BC9CEB8-8B4A-11D0-8D11-00A0C91BC942}") = "Demo", "Demo\Demo.vcxproj", "{69B5C9BC-65B8-47C7-A6D5-344F438A8C0D}"
EndProject
Global
	GlobalSection(SolutionConfigurationPlatforms) = preSolution
		Debug|Win32 = Debug|Win32
		Release|Win32 = Release|Win32
	EndGlobalSection
	GlobalSection(ProjectConfigurationPlatforms) = postSolution
		{69B5C9BC-65B8-47C7-A6D5-344F438A8C0D}.Debug|Win32.ActiveCfg = Debug|Win32
		{69B5C9BC-65B8-47C7-A6D5-344F438A8C0D}.Debug|Win32.Build.0 = Debug|Win32
		{69B5C9BC-65B8-47C7-A6D5-344F438A8C0D}.Release|Win32.ActiveCfg = Release|Win32
		{69B5C9BC-65B8-47C7-A6D5-344F438A8C0D}.Release|Win32.Build.0 = Release|Win32
	EndGlobalSection
	GlobalSection(SolutionProperties) = preSolution
		HideSolutionNode = FALSE
	EndGlobalSection
EndGlobal
